<?xml version="1.0" encoding="utf-8"?>
<Project ToolsVersion="4.0" xmlns="http://schemas.microsoft.com/developer/msbuild/2003">
  <ItemGroup>
    <ClCompile Include="C:\Users\user\Downloads\mhook-master\mhook-master\disasm-lib\cpu.c">
      <Filter>disasm-lib</Filter>
    </ClCompile>
    <ClCompile Include="C:\Users\user\Downloads\mhook-master\mhook-master\disasm-lib\disasm.c">
      <Filter>disasm-lib</Filter>
    </ClCompile>
    <ClCompile Include="C:\Users\user\Downloads\mhook-master\mhook-master\disasm-lib\disasm_x86.c">
      <Filter>disasm-lib</Filter>
    </ClCompile>
    <ClCompile Include="C:\Users\user\Downloads\mhook-master\mhook-master\mhook-lib\mhook.cpp">
      <Filter>mhook-lib</Filter>
    </ClCompile>
  </ItemGroup>
  <ItemGroup>
    <ClInclude Include="C:\Users\user\Downloads\mhook-master\mhook-master\disasm-lib\cpu.h">
      <Filter>disasm-lib</Filter>
    </ClInclude>
    <ClInclude Include="C:\Users\user\Downloads\mhook-master\mhook-master\disasm-lib\disasm.h">
      <Filter>disasm-lib</Filter>
    </ClInclude>
    <ClInclude Include="C:\Users\user\Downloads\mhook-master\mhook-master\disasm-lib\disasm_x86.h">
      <Filter>disasm-lib</Filter>
    </ClInclude>
    <ClInclude Include="C:\Users\user\Downloads\mhook-master\mhook-master\disasm-lib\disasm_x86_tables.h">
      <Filter>disasm-lib</Filter>
    </ClInclude>
    <ClInclude Include="C:\Users\user\Downloads\mhook-master\mhook-master\disasm-lib\misc.h">
      <Filter>disasm-lib</Filter>
    </ClInclude>
    <ClInclude Include="C:\Users\user\Downloads\mhook-master\mhook-master\mhook-lib\mhook.h">
      <Filter>mhook-lib</Filter>
    </ClInclude>
  </ItemGroup>
  <ItemGroup>
    <CustomBuild Include="C:\Users\user\Downloads\mhook-master\mhook-master\CMakeLists.txt" />
  </ItemGroup>
  <ItemGroup>
    <Filter Include="disasm-lib">
      <UniqueIdentifier>{44735F8F-CE89-3AEB-8CFD-C744C13272F7}</UniqueIdentifier>
    </Filter>
    <Filter Include="mhook-lib">
      <UniqueIdentifier>{654BA530-64D2-33F9-8943-E93532666C92}</UniqueIdentifier>
    </Filter>
  </ItemGroup>
</Project>
