
Microsoft Visual Studio Solution File, Format Version 12.00
# Visual Studio 2012
Project("{2150E333-8FDC-42A3-9474-1A3956D46DE8}") = "CMake", "CMake", "{BD03B193-9EDD-3913-80DE-A06B42532DB5}"
EndProject
Project("{8BC9CEB8-8B4A-11D0-8D11-00A0C91BC942}") = "ALL_BUILD", "ALL_BUILD.vcxproj", "{AE4B3AD4-7612-3F13-849C-E91FB2DDFAC0}"
	ProjectSection(ProjectDependencies) = postProject
		{D9B04104-F7CA-3F2E-A1E1-8ADCA6B23CD8} = {D9B04104-F7CA-3F2E-A1E1-8ADCA6B23CD8}
		{5890BE61-1E9D-35E8-BA0A-F6297F82CBB2} = {5890BE61-1E9D-35E8-BA0A-F6297F82CBB2}
		{08CA4D4F-14B9-3543-9B9E-F09949871F3B} = {08CA4D4F-14B9-3543-9B9E-F09949871F3B}
	EndProjectSection
EndProject
Project("{8BC9CEB8-8B4A-11D0-8D11-00A0C91BC942}") = "INSTALL", "INSTALL.vcxproj", "{D2457289-AD3B-3FBB-915D-E82BB471DBFB}"
	ProjectSection(ProjectDependencies) = postProject
		{AE4B3AD4-7612-3F13-849C-E91FB2DDFAC0} = {AE4B3AD4-7612-3F13-849C-E91FB2DDFAC0}
		{D9B04104-F7CA-3F2E-A1E1-8ADCA6B23CD8} = {D9B04104-F7CA-3F2E-A1E1-8ADCA6B23CD8}
	EndProjectSection
EndProject
Project("{8BC9CEB8-8B4A-11D0-8D11-00A0C91BC942}") = "ZERO_CHECK", "ZERO_CHECK.vcxproj", "{D9B04104-F7CA-3F2E-A1E1-8ADCA6B23CD8}"
EndProject
Project("{8BC9CEB8-8B4A-11D0-8D11-00A0C91BC942}") = "mhook", "mhook.vcxproj", "{5890BE61-1E9D-35E8-BA0A-F6297F82CBB2}"
	ProjectSection(ProjectDependencies) = postProject
		{D9B04104-F7CA-3F2E-A1E1-8ADCA6B23CD8} = {D9B04104-F7CA-3F2E-A1E1-8ADCA6B23CD8}
	EndProjectSection
EndProject
Project("{8BC9CEB8-8B4A-11D0-8D11-00A0C91BC942}") = "mhook-test", "mhook-test.vcxproj", "{08CA4D4F-14B9-3543-9B9E-F09949871F3B}"
	ProjectSection(ProjectDependencies) = postProject
		{D9B04104-F7CA-3F2E-A1E1-8ADCA6B23CD8} = {D9B04104-F7CA-3F2E-A1E1-8ADCA6B23CD8}
		{5890BE61-1E9D-35E8-BA0A-F6297F82CBB2} = {5890BE61-1E9D-35E8-BA0A-F6297F82CBB2}
	EndProjectSection
EndProject
Project("{8BC9CEB8-8B4A-11D0-8D11-00A0C91BC942}") = "MyDLL", "..\..\..\Documents\Visual Studio 2012\Projects\MyDLL\MyDLL\MyDLL.vcxproj", "{02C24861-5B2E-40ED-9C79-6010E9ECD2D4}"
EndProject
Global
	GlobalSection(SolutionConfigurationPlatforms) = preSolution
		Debug|Win32 = Debug|Win32
		MinSizeRel|Win32 = MinSizeRel|Win32
		Release|Win32 = Release|Win32
		RelWithDebInfo|Win32 = RelWithDebInfo|Win32
	EndGlobalSection
	GlobalSection(ProjectConfigurationPlatforms) = postSolution
		{AE4B3AD4-7612-3F13-849C-E91FB2DDFAC0}.Debug|Win32.ActiveCfg = Debug|Win32
		{AE4B3AD4-7612-3F13-849C-E91FB2DDFAC0}.Debug|Win32.Build.0 = Debug|Win32
		{AE4B3AD4-7612-3F13-849C-E91FB2DDFAC0}.MinSizeRel|Win32.ActiveCfg = MinSizeRel|Win32
		{AE4B3AD4-7612-3F13-849C-E91FB2DDFAC0}.MinSizeRel|Win32.Build.0 = MinSizeRel|Win32
		{AE4B3AD4-7612-3F13-849C-E91FB2DDFAC0}.Release|Win32.ActiveCfg = Release|Win32
		{AE4B3AD4-7612-3F13-849C-E91FB2DDFAC0}.Release|Win32.Build.0 = Release|Win32
		{AE4B3AD4-7612-3F13-849C-E91FB2DDFAC0}.RelWithDebInfo|Win32.ActiveCfg = RelWithDebInfo|Win32
		{AE4B3AD4-7612-3F13-849C-E91FB2DDFAC0}.RelWithDebInfo|Win32.Build.0 = RelWithDebInfo|Win32
		{D2457289-AD3B-3FBB-915D-E82BB471DBFB}.Debug|Win32.ActiveCfg = Debug|Win32
		{D2457289-AD3B-3FBB-915D-E82BB471DBFB}.MinSizeRel|Win32.ActiveCfg = MinSizeRel|Win32
		{D2457289-AD3B-3FBB-915D-E82BB471DBFB}.Release|Win32.ActiveCfg = Release|Win32
		{D2457289-AD3B-3FBB-915D-E82BB471DBFB}.RelWithDebInfo|Win32.ActiveCfg = RelWithDebInfo|Win32
		{D9B04104-F7CA-3F2E-A1E1-8ADCA6B23CD8}.Debug|Win32.ActiveCfg = Debug|Win32
		{D9B04104-F7CA-3F2E-A1E1-8ADCA6B23CD8}.Debug|Win32.Build.0 = Debug|Win32
		{D9B04104-F7CA-3F2E-A1E1-8ADCA6B23CD8}.MinSizeRel|Win32.ActiveCfg = MinSizeRel|Win32
		{D9B04104-F7CA-3F2E-A1E1-8ADCA6B23CD8}.MinSizeRel|Win32.Build.0 = MinSizeRel|Win32
		{D9B04104-F7CA-3F2E-A1E1-8ADCA6B23CD8}.Release|Win32.ActiveCfg = Release|Win32
		{D9B04104-F7CA-3F2E-A1E1-8ADCA6B23CD8}.Release|Win32.Build.0 = Release|Win32
		{D9B04104-F7CA-3F2E-A1E1-8ADCA6B23CD8}.RelWithDebInfo|Win32.ActiveCfg = RelWithDebInfo|Win32
		{D9B04104-F7CA-3F2E-A1E1-8ADCA6B23CD8}.RelWithDebInfo|Win32.Build.0 = RelWithDebInfo|Win32
		{5890BE61-1E9D-35E8-BA0A-F6297F82CBB2}.Debug|Win32.ActiveCfg = Debug|Win32
		{5890BE61-1E9D-35E8-BA0A-F6297F82CBB2}.Debug|Win32.Build.0 = Debug|Win32
		{5890BE61-1E9D-35E8-BA0A-F6297F82CBB2}.MinSizeRel|Win32.ActiveCfg = MinSizeRel|Win32
		{5890BE61-1E9D-35E8-BA0A-F6297F82CBB2}.MinSizeRel|Win32.Build.0 = MinSizeRel|Win32
		{5890BE61-1E9D-35E8-BA0A-F6297F82CBB2}.Release|Win32.ActiveCfg = Release|Win32
		{5890BE61-1E9D-35E8-BA0A-F6297F82CBB2}.Release|Win32.Build.0 = Release|Win32
		{5890BE61-1E9D-35E8-BA0A-F6297F82CBB2}.RelWithDebInfo|Win32.ActiveCfg = RelWithDebInfo|Win32
		{5890BE61-1E9D-35E8-BA0A-F6297F82CBB2}.RelWithDebInfo|Win32.Build.0 = RelWithDebInfo|Win32
		{08CA4D4F-14B9-3543-9B9E-F09949871F3B}.Debug|Win32.ActiveCfg = Debug|Win32
		{08CA4D4F-14B9-3543-9B9E-F09949871F3B}.Debug|Win32.Build.0 = Debug|Win32
		{08CA4D4F-14B9-3543-9B9E-F09949871F3B}.MinSizeRel|Win32.ActiveCfg = MinSizeRel|Win32
		{08CA4D4F-14B9-3543-9B9E-F09949871F3B}.MinSizeRel|Win32.Build.0 = MinSizeRel|Win32
		{08CA4D4F-14B9-3543-9B9E-F09949871F3B}.Release|Win32.ActiveCfg = Release|Win32
		{08CA4D4F-14B9-3543-9B9E-F09949871F3B}.Release|Win32.Build.0 = Release|Win32
		{08CA4D4F-14B9-3543-9B9E-F09949871F3B}.RelWithDebInfo|Win32.ActiveCfg = RelWithDebInfo|Win32
		{08CA4D4F-14B9-3543-9B9E-F09949871F3B}.RelWithDebInfo|Win32.Build.0 = RelWithDebInfo|Win32
		{02C24861-5B2E-40ED-9C79-6010E9ECD2D4}.Debug|Win32.ActiveCfg = Debug|Win32
		{02C24861-5B2E-40ED-9C79-6010E9ECD2D4}.Debug|Win32.Build.0 = Debug|Win32
		{02C24861-5B2E-40ED-9C79-6010E9ECD2D4}.Debug|Win32.Deploy.0 = Debug|Win32
		{02C24861-5B2E-40ED-9C79-6010E9ECD2D4}.MinSizeRel|Win32.ActiveCfg = Release|Win32
		{02C24861-5B2E-40ED-9C79-6010E9ECD2D4}.MinSizeRel|Win32.Build.0 = Release|Win32
		{02C24861-5B2E-40ED-9C79-6010E9ECD2D4}.MinSizeRel|Win32.Deploy.0 = Release|Win32
		{02C24861-5B2E-40ED-9C79-6010E9ECD2D4}.Release|Win32.ActiveCfg = Release|Win32
		{02C24861-5B2E-40ED-9C79-6010E9ECD2D4}.Release|Win32.Build.0 = Release|Win32
		{02C24861-5B2E-40ED-9C79-6010E9ECD2D4}.Release|Win32.Deploy.0 = Release|Win32
		{02C24861-5B2E-40ED-9C79-6010E9ECD2D4}.RelWithDebInfo|Win32.ActiveCfg = Release|Win32
		{02C24861-5B2E-40ED-9C79-6010E9ECD2D4}.RelWithDebInfo|Win32.Build.0 = Release|Win32
		{02C24861-5B2E-40ED-9C79-6010E9ECD2D4}.RelWithDebInfo|Win32.Deploy.0 = Release|Win32
	EndGlobalSection
	GlobalSection(SolutionProperties) = preSolution
		HideSolutionNode = FALSE
	EndGlobalSection
	GlobalSection(NestedProjects) = preSolution
		{AE4B3AD4-7612-3F13-849C-E91FB2DDFAC0} = {BD03B193-9EDD-3913-80DE-A06B42532DB5}
		{D2457289-AD3B-3FBB-915D-E82BB471DBFB} = {BD03B193-9EDD-3913-80DE-A06B42532DB5}
		{D9B04104-F7CA-3F2E-A1E1-8ADCA6B23CD8} = {BD03B193-9EDD-3913-80DE-A06B42532DB5}
	EndGlobalSection
	GlobalSection(ExtensibilityGlobals) = postSolution
		SolutionGuid = {4AF602F2-F300-3CA5-AF3C-49E6BCB18DBB}
	EndGlobalSection
EndGlobal
